
Microsoft Visual Studio Solution File, Format Version 12.00
# Visual Studio 15
VisualStudioVersion = 15.0.27004.2009
MinimumVisualStudioVersion = 10.0.40219.1
Project("{D954291E-2A0B-460D-934E-DC6B0785DB48}") = "Pkemon", "Pkemon\Pkemon\Pkemon.shproj", "{5EC68481-25D9-40D7-AEFB-2D91795B3DC7}"
EndProject
Project("{FAE04EC0-301F-11D3-BF4B-00C04F79EFBC}") = "Pkemon.Android", "Pkemon\Pkemon.Android\Pkemon.Android.csproj", "{DEB81997-4BE1-420C-B556-14E897D5BD26}"
EndProject
Project("{FAE04EC0-301F-11D3-BF4B-00C04F79EFBC}") = "Pkemon.iOS", "Pkemon\Pkemon.iOS\Pkemon.iOS.csproj", "{410FF545-13B2-4A24-A739-7D9F646F66F4}"
EndProject
Project("{FAE04EC0-301F-11D3-BF4B-00C04F79EFBC}") = "Pkemon.UWP", "Pkemon\Pkemon.UWP\Pkemon.UWP.csproj", "{0BBB9FCB-3670-4331-B000-184A8138BB1C}"
EndProject
Project("{FAE04EC0-301F-11D3-BF4B-00C04F79EFBC}") = "PokedexNET", "C:\Users\HP pro 450\Desktop\PokedexNET_Starter-master\PokedexNET_Starter-master\PokedexNET.csproj", "{32051164-C8CC-4F3A-BB10-6CBE77192EDA}"
EndProject
Global
	GlobalSection(SharedMSBuildProjectFiles) = preSolution
		Pkemon\Pkemon\Pkemon.projitems*{410ff545-13b2-4a24-a739-7d9f646f66f4}*SharedItemsImports = 4
		Pkemon\Pkemon\Pkemon.projitems*{5ec68481-25d9-40d7-aefb-2d91795b3dc7}*SharedItemsImports = 13
		Pkemon\Pkemon\Pkemon.projitems*{deb81997-4be1-420c-b556-14e897d5bd26}*SharedItemsImports = 4
	EndGlobalSection
	GlobalSection(SolutionConfigurationPlatforms) = preSolution
		Ad-Hoc|Any CPU = Ad-Hoc|Any CPU
		Ad-Hoc|ARM = Ad-Hoc|ARM
		Ad-Hoc|iPhone = Ad-Hoc|iPhone
		Ad-Hoc|iPhoneSimulator = Ad-Hoc|iPhoneSimulator
		Ad-Hoc|x64 = Ad-Hoc|x64
		Ad-Hoc|x86 = Ad-Hoc|x86
		AppStore|Any CPU = AppStore|Any CPU
		AppStore|ARM = AppStore|ARM
		AppStore|iPhone = AppStore|iPhone
		AppStore|iPhoneSimulator = AppStore|iPhoneSimulator
		AppStore|x64 = AppStore|x64
		AppStore|x86 = AppStore|x86
		Debug|Any CPU = Debug|Any CPU
		Debug|ARM = Debug|ARM
		Debug|iPhone = Debug|iPhone
		Debug|iPhoneSimulator = Debug|iPhoneSimulator
		Debug|x64 = Debug|x64
		Debug|x86 = Debug|x86
		Release|Any CPU = Release|Any CPU
		Release|ARM = Release|ARM
		Release|iPhone = Release|iPhone
		Release|iPhoneSimulator = Release|iPhoneSimulator
		Release|x64 = Release|x64
		Release|x86 = Release|x86
	EndGlobalSection
	GlobalSection(ProjectConfigurationPlatforms) = postSolution
		{DEB81997-4BE1-420C-B556-14E897D5BD26}.Ad-Hoc|Any CPU.ActiveCfg = Release|Any CPU
		{DEB81997-4BE1-420C-B556-14E897D5BD26}.Ad-Hoc|Any CPU.Build.0 = Release|Any CPU
		{DEB81997-4BE1-420C-B556-14E897D5BD26}.Ad-Hoc|Any CPU.Deploy.0 = Release|Any CPU
		{DEB81997-4BE1-420C-B556-14E897D5BD26}.Ad-Hoc|ARM.ActiveCfg = Release|Any CPU
		{DEB81997-4BE1-420C-B556-14E897D5BD26}.Ad-Hoc|ARM.Build.0 = Release|Any CPU
		{DEB81997-4BE1-420C-B556-14E897D5BD26}.Ad-Hoc|ARM.Deploy.0 = Release|Any CPU
		{DEB81997-4BE1-420C-B556-14E897D5BD26}.Ad-Hoc|iPhone.ActiveCfg = Release|Any CPU
		{DEB81997-4BE1-420C-B556-14E897D5BD26}.Ad-Hoc|iPhone.Build.0 = Release|Any CPU
		{DEB81997-4BE1-420C-B556-14E897D5BD26}.Ad-Hoc|iPhone.Deploy.0 = Release|Any CPU
		{DEB81997-4BE1-420C-B556-14E897D5BD26}.Ad-Hoc|iPhoneSimulator.ActiveCfg = Release|Any CPU
		{DEB81997-4BE1-420C-B556-14E897D5BD26}.Ad-Hoc|iPhoneSimulator.Build.0 = Release|Any CPU
		{DEB81997-4BE1-420C-B556-14E897D5BD26}.Ad-Hoc|iPhoneSimulator.Deploy.0 = Release|Any CPU
		{DEB81997-4BE1-420C-B556-14E897D5BD26}.Ad-Hoc|x64.ActiveCfg = Release|Any CPU
		{DEB81997-4BE1-420C-B556-14E897D5BD26}.Ad-Hoc|x64.Build.0 = Release|Any CPU
		{DEB81997-4BE1-420C-B556-14E897D5BD26}.Ad-Hoc|x64.Deploy.0 = Release|Any CPU
		{DEB81997-4BE1-420C-B556-14E897D5BD26}.Ad-Hoc|x86.ActiveCfg = Release|Any CPU
		{DEB81997-4BE1-420C-B556-14E897D5BD26}.Ad-Hoc|x86.Build.0 = Release|Any CPU
		{DEB81997-4BE1-420C-B556-14E897D5BD26}.Ad-Hoc|x86.Deploy.0 = Release|Any CPU
		{DEB81997-4BE1-420C-B556-14E897D5BD26}.AppStore|Any CPU.ActiveCfg = Release|Any CPU
		{DEB81997-4BE1-420C-B556-14E897D5BD26}.AppStore|Any CPU.Build.0 = Release|Any CPU
		{DEB81997-4BE1-420C-B556-14E897D5BD26}.AppStore|Any CPU.Deploy.0 = Release|Any CPU
		{DEB81997-4BE1-420C-B556-14E897D5BD26}.AppStore|ARM.ActiveCfg = Release|Any CPU
		{DEB81997-4BE1-420C-B556-14E897D5BD26}.AppStore|ARM.Build.0 = Release|Any CPU
		{DEB81997-4BE1-420C-B556-14E897D5BD26}.AppStore|ARM.Deploy.0 = Release|Any CPU
		{DEB81997-4BE1-420C-B556-14E897D5BD26}.AppStore|iPhone.ActiveCfg = Release|Any CPU
		{DEB81997-4BE1-420C-B556-14E897D5BD26}.AppStore|iPhone.Build.0 = Release|Any CPU
		{DEB81997-4BE1-420C-B556-14E897D5BD26}.AppStore|iPhone.Deploy.0 = Release|Any CPU
		{DEB81997-4BE1-420C-B556-14E897D5BD26}.AppStore|iPhoneSimulator.ActiveCfg = Release|Any CPU
		{DEB81997-4BE1-420C-B556-14E897D5BD26}.AppStore|iPhoneSimulator.Build.0 = Release|Any CPU
		{DEB81997-4BE1-420C-B556-14E897D5BD26}.AppStore|iPhoneSimulator.Deploy.0 = Release|Any CPU
		{DEB81997-4BE1-420C-B556-14E897D5BD26}.AppStore|x64.ActiveCfg = Release|Any CPU
		{DEB81997-4BE1-420C-B556-14E897D5BD26}.AppStore|x64.Build.0 = Release|Any CPU
		{DEB81997-4BE1-420C-B556-14E897D5BD26}.AppStore|x64.Deploy.0 = Release|Any CPU
		{DEB81997-4BE1-420C-B556-14E897D5BD26}.AppStore|x86.ActiveCfg = Release|Any CPU
		{DEB81997-4BE1-420C-B556-14E897D5BD26}.AppStore|x86.Build.0 = Release|Any CPU
		{DEB81997-4BE1-420C-B556-14E897D5BD26}.AppStore|x86.Deploy.0 = Release|Any CPU
		{DEB81997-4BE1-420C-B556-14E897D5BD26}.Debug|Any CPU.ActiveCfg = Debug|Any CPU
		{DEB81997-4BE1-420C-B556-14E897D5BD26}.Debug|Any CPU.Build.0 = Debug|Any CPU
		{DEB81997-4BE1-420C-B556-14E897D5BD26}.Debug|Any CPU.Deploy.0 = Debug|Any CPU
		{DEB81997-4BE1-420C-B556-14E897D5BD26}.Debug|ARM.ActiveCfg = Debug|Any CPU
		{DEB81997-4BE1-420C-B556-14E897D5BD26}.Debug|ARM.Build.0 = Debug|Any CPU
		{DEB81997-4BE1-420C-B556-14E897D5BD26}.Debug|ARM.Deploy.0 = Debug|Any CPU
		{DEB81997-4BE1-420C-B556-14E897D5BD26}.Debug|iPhone.ActiveCfg = Debug|Any CPU
		{DEB81997-4BE1-420C-B556-14E897D5BD26}.Debug|iPhone.Build.0 = Debug|Any CPU
		{DEB81997-4BE1-420C-B556-14E897D5BD26}.Debug|iPhone.Deploy.0 = Debug|Any CPU
		{DEB81997-4BE1-420C-B556-14E897D5BD26}.Debug|iPhoneSimulator.ActiveCfg = Debug|Any CPU
		{DEB81997-4BE1-420C-B556-14E897D5BD26}.Debug|iPhoneSimulator.Build.0 = Debug|Any CPU
		{DEB81997-4BE1-420C-B556-14E897D5BD26}.Debug|iPhoneSimulator.Deploy.0 = Debug|Any CPU
		{DEB81997-4BE1-420C-B556-14E897D5BD26}.Debug|x64.ActiveCfg = Debug|Any CPU
		{DEB81997-4BE1-420C-B556-14E897D5BD26}.Debug|x64.Build.0 = Debug|Any CPU
		{DEB81997-4BE1-420C-B556-14E897D5BD26}.Debug|x64.Deploy.0 = Debug|Any CPU
		{DEB81997-4BE1-420C-B556-14E897D5BD26}.Debug|x86.ActiveCfg = Debug|Any CPU
		{DEB81997-4BE1-420C-B556-14E897D5BD26}.Debug|x86.Build.0 = Debug|Any CPU
		{DEB81997-4BE1-420C-B556-14E897D5BD26}.Debug|x86.Deploy.0 = Debug|Any CPU
		{DEB81997-4BE1-420C-B556-14E897D5BD26}.Release|Any CPU.ActiveCfg = Release|Any CPU
		{DEB81997-4BE1-420C-B556-14E897D5BD26}.Release|Any CPU.Build.0 = Release|Any CPU
		{DEB81997-4BE1-420C-B556-14E897D5BD26}.Release|Any CPU.Deploy.0 = Release|Any CPU
		{DEB81997-4BE1-420C-B556-14E897D5BD26}.Release|ARM.ActiveCfg = Release|Any CPU
		{DEB81997-4BE1-420C-B556-14E897D5BD26}.Release|ARM.Build.0 = Release|Any CPU
		{DEB81997-4BE1-420C-B556-14E897D5BD26}.Release|ARM.Deploy.0 = Release|Any CPU
		{DEB81997-4BE1-420C-B556-14E897D5BD26}.Release|iPhone.ActiveCfg = Release|Any CPU
		{DEB81997-4BE1-420C-B556-14E897D5BD26}.Release|iPhone.Build.0 = Release|Any CPU
		{DEB81997-4BE1-420C-B556-14E897D5BD26}.Release|iPhone.Deploy.0 = Release|Any CPU
		{DEB81997-4BE1-420C-B556-14E897D5BD26}.Release|iPhoneSimulator.ActiveCfg = Release|Any CPU
		{DEB81997-4BE1-420C-B556-14E897D5BD26}.Release|iPhoneSimulator.Build.0 = Release|Any CPU
		{DEB81997-4BE1-420C-B556-14E897D5BD26}.Release|iPhoneSimulator.Deploy.0 = Release|Any CPU
		{DEB81997-4BE1-420C-B556-14E897D5BD26}.Release|x64.ActiveCfg = Release|Any CPU
		{DEB81997-4BE1-420C-B556-14E897D5BD26}.Release|x64.Build.0 = Release|Any CPU
		{DEB81997-4BE1-420C-B556-14E897D5BD26}.Release|x64.Deploy.0 = Release|Any CPU
		{DEB81997-4BE1-420C-B556-14E897D5BD26}.Release|x86.ActiveCfg = Release|Any CPU
		{DEB81997-4BE1-420C-B556-14E897D5BD26}.Release|x86.Build.0 = Release|Any CPU
		{DEB81997-4BE1-420C-B556-14E897D5BD26}.Release|x86.Deploy.0 = Release|Any CPU
		{410FF545-13B2-4A24-A739-7D9F646F66F4}.Ad-Hoc|Any CPU.ActiveCfg = Ad-Hoc|iPhoneSimulator
		{410FF545-13B2-4A24-A739-7D9F646F66F4}.Ad-Hoc|ARM.ActiveCfg = Ad-Hoc|iPhone
		{410FF545-13B2-4A24-A739-7D9F646F66F4}.Ad-Hoc|iPhone.ActiveCfg = Ad-Hoc|iPhone
		{410FF545-13B2-4A24-A739-7D9F646F66F4}.Ad-Hoc|iPhone.Build.0 = Ad-Hoc|iPhone
		{410FF545-13B2-4A24-A739-7D9F646F66F4}.Ad-Hoc|iPhoneSimulator.ActiveCfg = Ad-Hoc|iPhoneSimulator
		{410FF545-13B2-4A24-A739-7D9F646F66F4}.Ad-Hoc|iPhoneSimulator.Build.0 = Ad-Hoc|iPhoneSimulator
		{410FF545-13B2-4A24-A739-7D9F646F66F4}.Ad-Hoc|x64.ActiveCfg = Ad-Hoc|iPhone
		{410FF545-13B2-4A24-A739-7D9F646F66F4}.Ad-Hoc|x86.ActiveCfg = Ad-Hoc|iPhone
		{410FF545-13B2-4A24-A739-7D9F646F66F4}.AppStore|Any CPU.ActiveCfg = AppStore|iPhoneSimulator
		{410FF545-13B2-4A24-A739-7D9F646F66F4}.AppStore|ARM.ActiveCfg = AppStore|iPhone
		{410FF545-13B2-4A24-A739-7D9F646F66F4}.AppStore|iPhone.ActiveCfg = AppStore|iPhone
		{410FF545-13B2-4A24-A739-7D9F646F66F4}.AppStore|iPhone.Build.0 = AppStore|iPhone
		{410FF545-13B2-4A24-A739-7D9F646F66F4}.AppStore|iPhoneSimulator.ActiveCfg = AppStore|iPhoneSimulator
		{410FF545-13B2-4A24-A739-7D9F646F66F4}.AppStore|iPhoneSimulator.Build.0 = AppStore|iPhoneSimulator
		{410FF545-13B2-4A24-A739-7D9F646F66F4}.AppStore|x64.ActiveCfg = AppStore|iPhone
		{410FF545-13B2-4A24-A739-7D9F646F66F4}.AppStore|x86.ActiveCfg = AppStore|iPhone
		{410FF545-13B2-4A24-A739-7D9F646F66F4}.Debug|Any CPU.ActiveCfg = Debug|iPhoneSimulator
		{410FF545-13B2-4A24-A739-7D9F646F66F4}.Debug|ARM.ActiveCfg = Debug|iPhone
		{410FF545-13B2-4A24-A739-7D9F646F66F4}.Debug|iPhone.ActiveCfg = Debug|iPhone
		{410FF545-13B2-4A24-A739-7D9F646F66F4}.Debug|iPhone.Build.0 = Debug|iPhone
		{410FF545-13B2-4A24-A739-7D9F646F66F4}.Debug|iPhoneSimulator.ActiveCfg = Debug|iPhoneSimulator
		{410FF545-13B2-4A24-A739-7D9F646F66F4}.Debug|iPhoneSimulator.Build.0 = Debug|iPhoneSimulator
		{410FF545-13B2-4A24-A739-7D9F646F66F4}.Debug|x64.ActiveCfg = Debug|iPhone
		{410FF545-13B2-4A24-A739-7D9F646F66F4}.Debug|x86.ActiveCfg = Debug|iPhone
		{410FF545-13B2-4A24-A739-7D9F646F66F4}.Release|Any CPU.ActiveCfg = Release|iPhoneSimulator
		{410FF545-13B2-4A24-A739-7D9F646F66F4}.Release|ARM.ActiveCfg = Release|iPhone
		{410FF545-13B2-4A24-A739-7D9F646F66F4}.Release|iPhone.ActiveCfg = Release|iPhone
		{410FF545-13B2-4A24-A739-7D9F646F66F4}.Release|iPhone.Build.0 = Release|iPhone
		{410FF545-13B2-4A24-A739-7D9F646F66F4}.Release|iPhoneSimulator.ActiveCfg = Release|iPhoneSimulator
		{410FF545-13B2-4A24-A739-7D9F646F66F4}.Release|iPhoneSimulator.Build.0 = Release|iPhoneSimulator
		{410FF545-13B2-4A24-A739-7D9F646F66F4}.Release|x64.ActiveCfg = Release|iPhone
		{410FF545-13B2-4A24-A739-7D9F646F66F4}.Release|x86.ActiveCfg = Release|iPhone
		{0BBB9FCB-3670-4331-B000-184A8138BB1C}.Ad-Hoc|Any CPU.ActiveCfg = Release|x86
		{0BBB9FCB-3670-4331-B000-184A8138BB1C}.Ad-Hoc|Any CPU.Build.0 = Release|x86
		{0BBB9FCB-3670-4331-B000-184A8138BB1C}.Ad-Hoc|Any CPU.Deploy.0 = Release|x86
		{0BBB9FCB-3670-4331-B000-184A8138BB1C}.Ad-Hoc|ARM.ActiveCfg = Release|ARM
		{0BBB9FCB-3670-4331-B000-184A8138BB1C}.Ad-Hoc|ARM.Build.0 = Release|ARM
		{0BBB9FCB-3670-4331-B000-184A8138BB1C}.Ad-Hoc|ARM.Deploy.0 = Release|ARM
		{0BBB9FCB-3670-4331-B000-184A8138BB1C}.Ad-Hoc|iPhone.ActiveCfg = Release|x86
		{0BBB9FCB-3670-4331-B000-184A8138BB1C}.Ad-Hoc|iPhone.Build.0 = Release|x86
		{0BBB9FCB-3670-4331-B000-184A8138BB1C}.Ad-Hoc|iPhone.Deploy.0 = Release|x86
		{0BBB9FCB-3670-4331-B000-184A8138BB1C}.Ad-Hoc|iPhoneSimulator.ActiveCfg = Release|x86
		{0BBB9FCB-3670-4331-B000-184A8138BB1C}.Ad-Hoc|iPhoneSimulator.Build.0 = Release|x86
		{0BBB9FCB-3670-4331-B000-184A8138BB1C}.Ad-Hoc|iPhoneSimulator.Deploy.0 = Release|x86
		{0BBB9FCB-3670-4331-B000-184A8138BB1C}.Ad-Hoc|x64.ActiveCfg = Release|x64
		{0BBB9FCB-3670-4331-B000-184A8138BB1C}.Ad-Hoc|x64.Build.0 = Release|x64
		{0BBB9FCB-3670-4331-B000-184A8138BB1C}.Ad-Hoc|x64.Deploy.0 = Release|x64
		{0BBB9FCB-3670-4331-B000-184A8138BB1C}.Ad-Hoc|x86.ActiveCfg = Release|x86
		{0BBB9FCB-3670-4331-B000-184A8138BB1C}.Ad-Hoc|x86.Build.0 = Release|x86
		{0BBB9FCB-3670-4331-B000-184A8138BB1C}.Ad-Hoc|x86.Deploy.0 = Release|x86
		{0BBB9FCB-3670-4331-B000-184A8138BB1C}.AppStore|Any CPU.ActiveCfg = Release|x86
		{0BBB9FCB-3670-4331-B000-184A8138BB1C}.AppStore|Any CPU.Build.0 = Release|x86
		{0BBB9FCB-3670-4331-B000-184A8138BB1C}.AppStore|Any CPU.Deploy.0 = Release|x86
		{0BBB9FCB-3670-4331-B000-184A8138BB1C}.AppStore|ARM.ActiveCfg = Release|ARM
		{0BBB9FCB-3670-4331-B000-184A8138BB1C}.AppStore|ARM.Build.0 = Release|ARM
		{0BBB9FCB-3670-4331-B000-184A8138BB1C}.AppStore|ARM.Deploy.0 = Release|ARM
		{0BBB9FCB-3670-4331-B000-184A8138BB1C}.AppStore|iPhone.ActiveCfg = Release|x86
		{0BBB9FCB-3670-4331-B000-184A8138BB1C}.AppStore|iPhone.Build.0 = Release|x86
		{0BBB9FCB-3670-4331-B000-184A8138BB1C}.AppStore|iPhone.Deploy.0 = Release|x86
		{0BBB9FCB-3670-4331-B000-184A8138BB1C}.AppStore|iPhoneSimulator.ActiveCfg = Release|x86
		{0BBB9FCB-3670-4331-B000-184A8138BB1C}.AppStore|iPhoneSimulator.Build.0 = Release|x86
		{0BBB9FCB-3670-4331-B000-184A8138BB1C}.AppStore|iPhoneSimulator.Deploy.0 = Release|x86
		{0BBB9FCB-3670-4331-B000-184A8138BB1C}.AppStore|x64.ActiveCfg = Release|x64
		{0BBB9FCB-3670-4331-B000-184A8138BB1C}.AppStore|x64.Build.0 = Release|x64
		{0BBB9FCB-3670-4331-B000-184A8138BB1C}.AppStore|x64.Deploy.0 = Release|x64
		{0BBB9FCB-3670-4331-B000-184A8138BB1C}.AppStore|x86.ActiveCfg = Release|x86
		{0BBB9FCB-3670-4331-B000-184A8138BB1C}.AppStore|x86.Build.0 = Release|x86
		{0BBB9FCB-3670-4331-B000-184A8138BB1C}.AppStore|x86.Deploy.0 = Release|x86
		{0BBB9FCB-3670-4331-B000-184A8138BB1C}.Debug|Any CPU.ActiveCfg = Debug|x86
		{0BBB9FCB-3670-4331-B000-184A8138BB1C}.Debug|ARM.ActiveCfg = Debug|ARM
		{0BBB9FCB-3670-4331-B000-184A8138BB1C}.Debug|ARM.Build.0 = Debug|ARM
		{0BBB9FCB-3670-4331-B000-184A8138BB1C}.Debug|ARM.Deploy.0 = Debug|ARM
		{0BBB9FCB-3670-4331-B000-184A8138BB1C}.Debug|iPhone.ActiveCfg = Debug|x86
		{0BBB9FCB-3670-4331-B000-184A8138BB1C}.Debug|iPhoneSimulator.ActiveCfg = Debug|x86
		{0BBB9FCB-3670-4331-B000-184A8138BB1C}.Debug|x64.ActiveCfg = Debug|x64
		{0BBB9FCB-3670-4331-B000-184A8138BB1C}.Debug|x64.Build.0 = Debug|x64
		{0BBB9FCB-3670-4331-B000-184A8138BB1C}.Debug|x64.Deploy.0 = Debug|x64
		{0BBB9FCB-3670-4331-B000-184A8138BB1C}.Debug|x86.ActiveCfg = Debug|x86
		{0BBB9FCB-3670-4331-B000-184A8138BB1C}.Debug|x86.Build.0 = Debug|x86
		{0BBB9FCB-3670-4331-B000-184A8138BB1C}.Debug|x86.Deploy.0 = Debug|x86
		{0BBB9FCB-3670-4331-B000-184A8138BB1C}.Release|Any CPU.ActiveCfg = Release|x86
		{0BBB9FCB-3670-4331-B000-184A8138BB1C}.Release|ARM.ActiveCfg = Release|ARM
		{0BBB9FCB-3670-4331-B000-184A8138BB1C}.Release|ARM.Build.0 = Release|ARM
		{0BBB9FCB-3670-4331-B000-184A8138BB1C}.Release|ARM.Deploy.0 = Release|ARM
		{0BBB9FCB-3670-4331-B000-184A8138BB1C}.Release|iPhone.ActiveCfg = Release|x86
		{0BBB9FCB-3670-4331-B000-184A8138BB1C}.Release|iPhoneSimulator.ActiveCfg = Release|x86
		{0BBB9FCB-3670-4331-B000-184A8138BB1C}.Release|x64.ActiveCfg = Release|x64
		{0BBB9FCB-3670-4331-B000-184A8138BB1C}.Release|x64.Build.0 = Release|x64
		{0BBB9FCB-3670-4331-B000-184A8138BB1C}.Release|x64.Deploy.0 = Release|x64
		{0BBB9FCB-3670-4331-B000-184A8138BB1C}.Release|x86.ActiveCfg = Release|x86
		{0BBB9FCB-3670-4331-B000-184A8138BB1C}.Release|x86.Build.0 = Release|x86
		{0BBB9FCB-3670-4331-B000-184A8138BB1C}.Release|x86.Deploy.0 = Release|x86
		{32051164-C8CC-4F3A-BB10-6CBE77192EDA}.Ad-Hoc|Any CPU.ActiveCfg = Release|Any CPU
		{32051164-C8CC-4F3A-BB10-6CBE77192EDA}.Ad-Hoc|Any CPU.Build.0 = Release|Any CPU
		{32051164-C8CC-4F3A-BB10-6CBE77192EDA}.Ad-Hoc|ARM.ActiveCfg = Release|Any CPU
		{32051164-C8CC-4F3A-BB10-6CBE77192EDA}.Ad-Hoc|ARM.Build.0 = Release|Any CPU
		{32051164-C8CC-4F3A-BB10-6CBE77192EDA}.Ad-Hoc|iPhone.ActiveCfg = Release|Any CPU
		{32051164-C8CC-4F3A-BB10-6CBE77192EDA}.Ad-Hoc|iPhone.Build.0 = Release|Any CPU
		{32051164-C8CC-4F3A-BB10-6CBE77192EDA}.Ad-Hoc|iPhoneSimulator.ActiveCfg = Release|Any CPU
		{32051164-C8CC-4F3A-BB10-6CBE77192EDA}.Ad-Hoc|iPhoneSimulator.Build.0 = Release|Any CPU
		{32051164-C8CC-4F3A-BB10-6CBE77192EDA}.Ad-Hoc|x64.ActiveCfg = Release|Any CPU
		{32051164-C8CC-4F3A-BB10-6CBE77192EDA}.Ad-Hoc|x64.Build.0 = Release|Any CPU
		{32051164-C8CC-4F3A-BB10-6CBE77192EDA}.Ad-Hoc|x86.ActiveCfg = Release|Any CPU
		{32051164-C8CC-4F3A-BB10-6CBE77192EDA}.Ad-Hoc|x86.Build.0 = Release|Any CPU
		{32051164-C8CC-4F3A-BB10-6CBE77192EDA}.AppStore|Any CPU.ActiveCfg = Release|Any CPU
		{32051164-C8CC-4F3A-BB10-6CBE77192EDA}.AppStore|Any CPU.Build.0 = Release|Any CPU
		{32051164-C8CC-4F3A-BB10-6CBE77192EDA}.AppStore|ARM.ActiveCfg = Release|Any CPU
		{32051164-C8CC-4F3A-BB10-6CBE77192EDA}.AppStore|ARM.Build.0 = Release|Any CPU
		{32051164-C8CC-4F3A-BB10-6CBE77192EDA}.AppStore|iPhone.ActiveCfg = Release|Any CPU
		{32051164-C8CC-4F3A-BB10-6CBE77192EDA}.AppStore|iPhone.Build.0 = Release|Any CPU
		{32051164-C8CC-4F3A-BB10-6CBE77192EDA}.AppStore|iPhoneSimulator.ActiveCfg = Release|Any CPU
		{32051164-C8CC-4F3A-BB10-6CBE77192EDA}.AppStore|iPhoneSimulator.Build.0 = Release|Any CPU
		{32051164-C8CC-4F3A-BB10-6CBE77192EDA}.AppStore|x64.ActiveCfg = Release|Any CPU
		{32051164-C8CC-4F3A-BB10-6CBE77192EDA}.AppStore|x64.Build.0 = Release|Any CPU
		{32051164-C8CC-4F3A-BB10-6CBE77192EDA}.AppStore|x86.ActiveCfg = Release|Any CPU
		{32051164-C8CC-4F3A-BB10-6CBE77192EDA}.AppStore|x86.Build.0 = Release|Any CPU
		{32051164-C8CC-4F3A-BB10-6CBE77192EDA}.Debug|Any CPU.ActiveCfg = Debug|Any CPU
		{32051164-C8CC-4F3A-BB10-6CBE77192EDA}.Debug|Any CPU.Build.0 = Debug|Any CPU
		{32051164-C8CC-4F3A-BB10-6CBE77192EDA}.Debug|ARM.ActiveCfg = Debug|Any CPU
		{32051164-C8CC-4F3A-BB10-6CBE77192EDA}.Debug|ARM.Build.0 = Debug|Any CPU
		{32051164-C8CC-4F3A-BB10-6CBE77192EDA}.Debug|iPhone.ActiveCfg = Debug|Any CPU
		{32051164-C8CC-4F3A-BB10-6CBE77192EDA}.Debug|iPhone.Build.0 = Debug|Any CPU
		{32051164-C8CC-4F3A-BB10-6CBE77192EDA}.Debug|iPhoneSimulator.ActiveCfg = Debug|Any CPU
		{32051164-C8CC-4F3A-BB10-6CBE77192EDA}.Debug|iPhoneSimulator.Build.0 = Debug|Any CPU
		{32051164-C8CC-4F3A-BB10-6CBE77192EDA}.Debug|x64.ActiveCfg = Debug|Any CPU
		{32051164-C8CC-4F3A-BB10-6CBE77192EDA}.Debug|x64.Build.0 = Debug|Any CPU
		{32051164-C8CC-4F3A-BB10-6CBE77192EDA}.Debug|x86.ActiveCfg = Debug|Any CPU
		{32051164-C8CC-4F3A-BB10-6CBE77192EDA}.Debug|x86.Build.0 = Debug|Any CPU
		{32051164-C8CC-4F3A-BB10-6CBE77192EDA}.Release|Any CPU.ActiveCfg = Release|Any CPU
		{32051164-C8CC-4F3A-BB10-6CBE77192EDA}.Release|Any CPU.Build.0 = Release|Any CPU
		{32051164-C8CC-4F3A-BB10-6CBE77192EDA}.Release|ARM.ActiveCfg = Release|Any CPU
		{32051164-C8CC-4F3A-BB10-6CBE77192EDA}.Release|ARM.Build.0 = Release|Any CPU
		{32051164-C8CC-4F3A-BB10-6CBE77192EDA}.Release|iPhone.ActiveCfg = Release|Any CPU
		{32051164-C8CC-4F3A-BB10-6CBE77192EDA}.Release|iPhone.Build.0 = Release|Any CPU
		{32051164-C8CC-4F3A-BB10-6CBE77192EDA}.Release|iPhoneSimulator.ActiveCfg = Release|Any CPU
		{32051164-C8CC-4F3A-BB10-6CBE77192EDA}.Release|iPhoneSimulator.Build.0 = Release|Any CPU
		{32051164-C8CC-4F3A-BB10-6CBE77192EDA}.Release|x64.ActiveCfg = Release|Any CPU
		{32051164-C8CC-4F3A-BB10-6CBE77192EDA}.Release|x64.Build.0 = Release|Any CPU
		{32051164-C8CC-4F3A-BB10-6CBE77192EDA}.Release|x86.ActiveCfg = Release|Any CPU
		{32051164-C8CC-4F3A-BB10-6CBE77192EDA}.Release|x86.Build.0 = Release|Any CPU
	EndGlobalSection
	GlobalSection(SolutionProperties) = preSolution
		HideSolutionNode = FALSE
	EndGlobalSection
	GlobalSection(ExtensibilityGlobals) = postSolution
		SolutionGuid = {6EEE958B-91B8-48EB-9D42-FB0DE1871310}
	EndGlobalSection
EndGlobal
